
Microsoft Visual Studio Solution File, Format Version 12.00
# Visual Studio Version 16
VisualStudioVersion = 16.0.30320.27
MinimumVisualStudioVersion = 10.0.40219.1
Project("{9A19103F-16F7-4668-BE54-9A1E7A4F7556}") = "TeamsFileUpload", "TeamsFileUpload.csproj", "{2312F698-D158-4ABD-9AE4-1730102058F6}"
EndProject
Global
	GlobalSection(SolutionConfigurationPlatforms) = preSolution
		Debug|Any CPU = Debug|Any CPU
		Release|Any CPU = Release|Any CPU
	EndGlobalSection
	GlobalSection(ProjectConfigurationPlatforms) = postSolution
		{2312F698-D158-4ABD-9AE4-1730102058F6}.Debug|Any CPU.ActiveCfg = Debug|Any CPU
		{2312F698-D158-4ABD-9AE4-1730102058F6}.Debug|Any CPU.Build.0 = Debug|Any CPU
		{2312F698-D158-4ABD-9AE4-1730102058F6}.Release|Any CPU.ActiveCfg = Release|Any CPU
		{2312F698-D158-4ABD-9AE4-1730102058F6}.Release|Any CPU.Build.0 = Release|Any CPU
	EndGlobalSection
	GlobalSection(SolutionProperties) = preSolution
		HideSolutionNode = FALSE
	EndGlobalSection
	GlobalSection(ExtensibilityGlobals) = postSolution
		SolutionGuid = {773F34F1-897D-40C8-ABA1-F0A8E2D1C9A5}
	EndGlobalSection
EndGlobal
